
Microsoft Visual Studio Solution File, Format Version 12.00
# Visual Studio Version 16
VisualStudioVersion = 16.0.31702.278
MinimumVisualStudioVersion = 10.0.40219.1
Project("{8BC9CEB8-8B4A-11D0-8D11-00A0C91BC942}") = "1", "1\1.vcxproj", "{C2B00553-E76F-4612-A0FD-7C0BE5373067}"
EndProject
Project("{8BC9CEB8-8B4A-11D0-8D11-00A0C91BC942}") = "2", "2\2.vcxproj", "{9E4F83FA-0C5F-471D-A930-8CD41B139952}"
EndProject
Project("{8BC9CEB8-8B4A-11D0-8D11-00A0C91BC942}") = "3", "3\3.vcxproj", "{53FFB868-360E-41E5-AECF-433E80E9CB27}"
EndProject
Project("{8BC9CEB8-8B4A-11D0-8D11-00A0C91BC942}") = "4", "4\4.vcxproj", "{7AD76798-2916-469E-8557-6E2EC2BB733F}"
EndProject
Project("{8BC9CEB8-8B4A-11D0-8D11-00A0C91BC942}") = "5", "5\5.vcxproj", "{63710C2D-9CCC-4428-AB6F-F52D42B3727A}"
EndProject
Project("{8BC9CEB8-8B4A-11D0-8D11-00A0C91BC942}") = "6", "6\6.vcxproj", "{CBA6283C-B54A-4BCD-9A04-DF624E2C9D57}"
EndProject
Project("{8BC9CEB8-8B4A-11D0-8D11-00A0C91BC942}") = "7", "7\7.vcxproj", "{BC04A343-519B-4E11-88AA-A4D3BACF24AB}"
EndProject
Project("{8BC9CEB8-8B4A-11D0-8D11-00A0C91BC942}") = "8", "8\8.vcxproj", "{FA907209-A9EB-434D-B976-2E0CC8F184FC}"
EndProject
Project("{8BC9CEB8-8B4A-11D0-8D11-00A0C91BC942}") = "9", "9\9.vcxproj", "{56DB5F50-0DE9-45DD-9C09-C24FF48DC56E}"
EndProject
Project("{8BC9CEB8-8B4A-11D0-8D11-00A0C91BC942}") = "10", "10\10.vcxproj", "{A216DD0C-FD6B-4CD4-A6DF-18D0000FB890}"
EndProject
Global
	GlobalSection(SolutionConfigurationPlatforms) = preSolution
		Debug|x64 = Debug|x64
		Debug|x86 = Debug|x86
		Release|x64 = Release|x64
		Release|x86 = Release|x86
	EndGlobalSection
	GlobalSection(ProjectConfigurationPlatforms) = postSolution
		{C2B00553-E76F-4612-A0FD-7C0BE5373067}.Debug|x64.ActiveCfg = Debug|x64
		{C2B00553-E76F-4612-A0FD-7C0BE5373067}.Debug|x64.Build.0 = Debug|x64
		{C2B00553-E76F-4612-A0FD-7C0BE5373067}.Debug|x86.ActiveCfg = Debug|Win32
		{C2B00553-E76F-4612-A0FD-7C0BE5373067}.Debug|x86.Build.0 = Debug|Win32
		{C2B00553-E76F-4612-A0FD-7C0BE5373067}.Release|x64.ActiveCfg = Release|x64
		{C2B00553-E76F-4612-A0FD-7C0BE5373067}.Release|x64.Build.0 = Release|x64
		{C2B00553-E76F-4612-A0FD-7C0BE5373067}.Release|x86.ActiveCfg = Release|Win32
		{C2B00553-E76F-4612-A0FD-7C0BE5373067}.Release|x86.Build.0 = Release|Win32
		{9E4F83FA-0C5F-471D-A930-8CD41B139952}.Debug|x64.ActiveCfg = Debug|x64
		{9E4F83FA-0C5F-471D-A930-8CD41B139952}.Debug|x64.Build.0 = Debug|x64
		{9E4F83FA-0C5F-471D-A930-8CD41B139952}.Debug|x86.ActiveCfg = Debug|Win32
		{9E4F83FA-0C5F-471D-A930-8CD41B139952}.Debug|x86.Build.0 = Debug|Win32
		{9E4F83FA-0C5F-471D-A930-8CD41B139952}.Release|x64.ActiveCfg = Release|x64
		{9E4F83FA-0C5F-471D-A930-8CD41B139952}.Release|x64.Build.0 = Release|x64
		{9E4F83FA-0C5F-471D-A930-8CD41B139952}.Release|x86.ActiveCfg = Release|Win32
		{9E4F83FA-0C5F-471D-A930-8CD41B139952}.Release|x86.Build.0 = Release|Win32
		{53FFB868-360E-41E5-AECF-433E80E9CB27}.Debug|x64.ActiveCfg = Debug|x64
		{53FFB868-360E-41E5-AECF-433E80E9CB27}.Debug|x64.Build.0 = Debug|x64
		{53FFB868-360E-41E5-AECF-433E80E9CB27}.Debug|x86.ActiveCfg = Debug|Win32
		{53FFB868-360E-41E5-AECF-433E80E9CB27}.Debug|x86.Build.0 = Debug|Win32
		{53FFB868-360E-41E5-AECF-433E80E9CB27}.Release|x64.ActiveCfg = Release|x64
		{53FFB868-360E-41E5-AECF-433E80E9CB27}.Release|x64.Build.0 = Release|x64
		{53FFB868-360E-41E5-AECF-433E80E9CB27}.Release|x86.ActiveCfg = Release|Win32
		{53FFB868-360E-41E5-AECF-433E80E9CB27}.Release|x86.Build.0 = Release|Win32
		{7AD76798-2916-469E-8557-6E2EC2BB733F}.Debug|x64.ActiveCfg = Debug|x64
		{7AD76798-2916-469E-8557-6E2EC2BB733F}.Debug|x64.Build.0 = Debug|x64
		{7AD76798-2916-469E-8557-6E2EC2BB733F}.Debug|x86.ActiveCfg = Debug|Win32
		{7AD76798-2916-469E-8557-6E2EC2BB733F}.Debug|x86.Build.0 = Debug|Win32
		{7AD76798-2916-469E-8557-6E2EC2BB733F}.Release|x64.ActiveCfg = Release|x64
		{7AD76798-2916-469E-8557-6E2EC2BB733F}.Release|x64.Build.0 = Release|x64
		{7AD76798-2916-469E-8557-6E2EC2BB733F}.Release|x86.ActiveCfg = Release|Win32
		{7AD76798-2916-469E-8557-6E2EC2BB733F}.Release|x86.Build.0 = Release|Win32
		{63710C2D-9CCC-4428-AB6F-F52D42B3727A}.Debug|x64.ActiveCfg = Debug|x64
		{63710C2D-9CCC-4428-AB6F-F52D42B3727A}.Debug|x64.Build.0 = Debug|x64
		{63710C2D-9CCC-4428-AB6F-F52D42B3727A}.Debug|x86.ActiveCfg = Debug|Win32
		{63710C2D-9CCC-4428-AB6F-F52D42B3727A}.Debug|x86.Build.0 = Debug|Win32
		{63710C2D-9CCC-4428-AB6F-F52D42B3727A}.Release|x64.ActiveCfg = Release|x64
		{63710C2D-9CCC-4428-AB6F-F52D42B3727A}.Release|x64.Build.0 = Release|x64
		{63710C2D-9CCC-4428-AB6F-F52D42B3727A}.Release|x86.ActiveCfg = Release|Win32
		{63710C2D-9CCC-4428-AB6F-F52D42B3727A}.Release|x86.Build.0 = Release|Win32
		{CBA6283C-B54A-4BCD-9A04-DF624E2C9D57}.Debug|x64.ActiveCfg = Debug|x64
		{CBA6283C-B54A-4BCD-9A04-DF624E2C9D57}.Debug|x64.Build.0 = Debug|x64
		{CBA6283C-B54A-4BCD-9A04-DF624E2C9D57}.Debug|x86.ActiveCfg = Debug|Win32
		{CBA6283C-B54A-4BCD-9A04-DF624E2C9D57}.Debug|x86.Build.0 = Debug|Win32
		{CBA6283C-B54A-4BCD-9A04-DF624E2C9D57}.Release|x64.ActiveCfg = Release|x64
		{CBA6283C-B54A-4BCD-9A04-DF624E2C9D57}.Release|x64.Build.0 = Release|x64
		{CBA6283C-B54A-4BCD-9A04-DF624E2C9D57}.Release|x86.ActiveCfg = Release|Win32
		{CBA6283C-B54A-4BCD-9A04-DF624E2C9D57}.Release|x86.Build.0 = Release|Win32
		{BC04A343-519B-4E11-88AA-A4D3BACF24AB}.Debug|x64.ActiveCfg = Debug|x64
		{BC04A343-519B-4E11-88AA-A4D3BACF24AB}.Debug|x64.Build.0 = Debug|x64
		{BC04A343-519B-4E11-88AA-A4D3BACF24AB}.Debug|x86.ActiveCfg = Debug|Win32
		{BC04A343-519B-4E11-88AA-A4D3BACF24AB}.Debug|x86.Build.0 = Debug|Win32
		{BC04A343-519B-4E11-88AA-A4D3BACF24AB}.Release|x64.ActiveCfg = Release|x64
		{BC04A343-519B-4E11-88AA-A4D3BACF24AB}.Release|x64.Build.0 = Release|x64
		{BC04A343-519B-4E11-88AA-A4D3BACF24AB}.Release|x86.ActiveCfg = Release|Win32
		{BC04A343-519B-4E11-88AA-A4D3BACF24AB}.Release|x86.Build.0 = Release|Win32
		{FA907209-A9EB-434D-B976-2E0CC8F184FC}.Debug|x64.ActiveCfg = Debug|x64
		{FA907209-A9EB-434D-B976-2E0CC8F184FC}.Debug|x64.Build.0 = Debug|x64
		{FA907209-A9EB-434D-B976-2E0CC8F184FC}.Debug|x86.ActiveCfg = Debug|Win32
		{FA907209-A9EB-434D-B976-2E0CC8F184FC}.Debug|x86.Build.0 = Debug|Win32
		{FA907209-A9EB-434D-B976-2E0CC8F184FC}.Release|x64.ActiveCfg = Release|x64
		{FA907209-A9EB-434D-B976-2E0CC8F184FC}.Release|x64.Build.0 = Release|x64
		{FA907209-A9EB-434D-B976-2E0CC8F184FC}.Release|x86.ActiveCfg = Release|Win32
		{FA907209-A9EB-434D-B976-2E0CC8F184FC}.Release|x86.Build.0 = Release|Win32
		{56DB5F50-0DE9-45DD-9C09-C24FF48DC56E}.Debug|x64.ActiveCfg = Debug|x64
		{56DB5F50-0DE9-45DD-9C09-C24FF48DC56E}.Debug|x64.Build.0 = Debug|x64
		{56DB5F50-0DE9-45DD-9C09-C24FF48DC56E}.Debug|x86.ActiveCfg = Debug|Win32
		{56DB5F50-0DE9-45DD-9C09-C24FF48DC56E}.Debug|x86.Build.0 = Debug|Win32
		{56DB5F50-0DE9-45DD-9C09-C24FF48DC56E}.Release|x64.ActiveCfg = Release|x64
		{56DB5F50-0DE9-45DD-9C09-C24FF48DC56E}.Release|x64.Build.0 = Release|x64
		{56DB5F50-0DE9-45DD-9C09-C24FF48DC56E}.Release|x86.ActiveCfg = Release|Win32
		{56DB5F50-0DE9-45DD-9C09-C24FF48DC56E}.Release|x86.Build.0 = Release|Win32
		{A216DD0C-FD6B-4CD4-A6DF-18D0000FB890}.Debug|x64.ActiveCfg = Debug|x64
		{A216DD0C-FD6B-4CD4-A6DF-18D0000FB890}.Debug|x64.Build.0 = Debug|x64
		{A216DD0C-FD6B-4CD4-A6DF-18D0000FB890}.Debug|x86.ActiveCfg = Debug|Win32
		{A216DD0C-FD6B-4CD4-A6DF-18D0000FB890}.Debug|x86.Build.0 = Debug|Win32
		{A216DD0C-FD6B-4CD4-A6DF-18D0000FB890}.Release|x64.ActiveCfg = Release|x64
		{A216DD0C-FD6B-4CD4-A6DF-18D0000FB890}.Release|x64.Build.0 = Release|x64
		{A216DD0C-FD6B-4CD4-A6DF-18D0000FB890}.Release|x86.ActiveCfg = Release|Win32
		{A216DD0C-FD6B-4CD4-A6DF-18D0000FB890}.Release|x86.Build.0 = Release|Win32
	EndGlobalSection
	GlobalSection(SolutionProperties) = preSolution
		HideSolutionNode = FALSE
	EndGlobalSection
	GlobalSection(ExtensibilityGlobals) = postSolution
		SolutionGuid = {72CD6679-82E2-4222-8935-D550C68E7266}
	EndGlobalSection
EndGlobal
