
Microsoft Visual Studio Solution File, Format Version 12.00
# Visual Studio Version 16
VisualStudioVersion = 16.0.31702.278
MinimumVisualStudioVersion = 10.0.40219.1
Project("{8BC9CEB8-8B4A-11D0-8D11-00A0C91BC942}") = "1", "1\1.vcxproj", "{8C78849D-DF0E-406A-9FB8-1E7A23C935DD}"
EndProject
Project("{8BC9CEB8-8B4A-11D0-8D11-00A0C91BC942}") = "2", "2\2.vcxproj", "{B59CACCE-07AB-4A19-9870-3FB35A249480}"
EndProject
Project("{8BC9CEB8-8B4A-11D0-8D11-00A0C91BC942}") = "3", "3\3.vcxproj", "{55D326C5-0DFF-462E-9A65-4250F9476009}"
EndProject
Project("{8BC9CEB8-8B4A-11D0-8D11-00A0C91BC942}") = "4", "4\4.vcxproj", "{2C7FB296-E196-4924-9336-9E0E6E4B71F8}"
EndProject
Project("{8BC9CEB8-8B4A-11D0-8D11-00A0C91BC942}") = "5", "5\5.vcxproj", "{0DAEC7B4-D191-4591-A6DE-37890150A115}"
EndProject
Global
	GlobalSection(SolutionConfigurationPlatforms) = preSolution
		Debug|x64 = Debug|x64
		Debug|x86 = Debug|x86
		Release|x64 = Release|x64
		Release|x86 = Release|x86
	EndGlobalSection
	GlobalSection(ProjectConfigurationPlatforms) = postSolution
		{8C78849D-DF0E-406A-9FB8-1E7A23C935DD}.Debug|x64.ActiveCfg = Debug|x64
		{8C78849D-DF0E-406A-9FB8-1E7A23C935DD}.Debug|x64.Build.0 = Debug|x64
		{8C78849D-DF0E-406A-9FB8-1E7A23C935DD}.Debug|x86.ActiveCfg = Debug|Win32
		{8C78849D-DF0E-406A-9FB8-1E7A23C935DD}.Debug|x86.Build.0 = Debug|Win32
		{8C78849D-DF0E-406A-9FB8-1E7A23C935DD}.Release|x64.ActiveCfg = Release|x64
		{8C78849D-DF0E-406A-9FB8-1E7A23C935DD}.Release|x64.Build.0 = Release|x64
		{8C78849D-DF0E-406A-9FB8-1E7A23C935DD}.Release|x86.ActiveCfg = Release|Win32
		{8C78849D-DF0E-406A-9FB8-1E7A23C935DD}.Release|x86.Build.0 = Release|Win32
		{B59CACCE-07AB-4A19-9870-3FB35A249480}.Debug|x64.ActiveCfg = Debug|x64
		{B59CACCE-07AB-4A19-9870-3FB35A249480}.Debug|x64.Build.0 = Debug|x64
		{B59CACCE-07AB-4A19-9870-3FB35A249480}.Debug|x86.ActiveCfg = Debug|Win32
		{B59CACCE-07AB-4A19-9870-3FB35A249480}.Debug|x86.Build.0 = Debug|Win32
		{B59CACCE-07AB-4A19-9870-3FB35A249480}.Release|x64.ActiveCfg = Release|x64
		{B59CACCE-07AB-4A19-9870-3FB35A249480}.Release|x64.Build.0 = Release|x64
		{B59CACCE-07AB-4A19-9870-3FB35A249480}.Release|x86.ActiveCfg = Release|Win32
		{B59CACCE-07AB-4A19-9870-3FB35A249480}.Release|x86.Build.0 = Release|Win32
		{55D326C5-0DFF-462E-9A65-4250F9476009}.Debug|x64.ActiveCfg = Debug|x64
		{55D326C5-0DFF-462E-9A65-4250F9476009}.Debug|x64.Build.0 = Debug|x64
		{55D326C5-0DFF-462E-9A65-4250F9476009}.Debug|x86.ActiveCfg = Debug|Win32
		{55D326C5-0DFF-462E-9A65-4250F9476009}.Debug|x86.Build.0 = Debug|Win32
		{55D326C5-0DFF-462E-9A65-4250F9476009}.Release|x64.ActiveCfg = Release|x64
		{55D326C5-0DFF-462E-9A65-4250F9476009}.Release|x64.Build.0 = Release|x64
		{55D326C5-0DFF-462E-9A65-4250F9476009}.Release|x86.ActiveCfg = Release|Win32
		{55D326C5-0DFF-462E-9A65-4250F9476009}.Release|x86.Build.0 = Release|Win32
		{2C7FB296-E196-4924-9336-9E0E6E4B71F8}.Debug|x64.ActiveCfg = Debug|x64
		{2C7FB296-E196-4924-9336-9E0E6E4B71F8}.Debug|x64.Build.0 = Debug|x64
		{2C7FB296-E196-4924-9336-9E0E6E4B71F8}.Debug|x86.ActiveCfg = Debug|Win32
		{2C7FB296-E196-4924-9336-9E0E6E4B71F8}.Debug|x86.Build.0 = Debug|Win32
		{2C7FB296-E196-4924-9336-9E0E6E4B71F8}.Release|x64.ActiveCfg = Release|x64
		{2C7FB296-E196-4924-9336-9E0E6E4B71F8}.Release|x64.Build.0 = Release|x64
		{2C7FB296-E196-4924-9336-9E0E6E4B71F8}.Release|x86.ActiveCfg = Release|Win32
		{2C7FB296-E196-4924-9336-9E0E6E4B71F8}.Release|x86.Build.0 = Release|Win32
		{0DAEC7B4-D191-4591-A6DE-37890150A115}.Debug|x64.ActiveCfg = Debug|x64
		{0DAEC7B4-D191-4591-A6DE-37890150A115}.Debug|x64.Build.0 = Debug|x64
		{0DAEC7B4-D191-4591-A6DE-37890150A115}.Debug|x86.ActiveCfg = Debug|Win32
		{0DAEC7B4-D191-4591-A6DE-37890150A115}.Debug|x86.Build.0 = Debug|Win32
		{0DAEC7B4-D191-4591-A6DE-37890150A115}.Release|x64.ActiveCfg = Release|x64
		{0DAEC7B4-D191-4591-A6DE-37890150A115}.Release|x64.Build.0 = Release|x64
		{0DAEC7B4-D191-4591-A6DE-37890150A115}.Release|x86.ActiveCfg = Release|Win32
		{0DAEC7B4-D191-4591-A6DE-37890150A115}.Release|x86.Build.0 = Release|Win32
	EndGlobalSection
	GlobalSection(SolutionProperties) = preSolution
		HideSolutionNode = FALSE
	EndGlobalSection
	GlobalSection(ExtensibilityGlobals) = postSolution
		SolutionGuid = {387A6754-AD6E-4D4C-980E-1DB23993F8CE}
	EndGlobalSection
EndGlobal
