
Microsoft Visual Studio Solution File, Format Version 12.00
# Visual Studio Version 16
VisualStudioVersion = 16.0.31702.278
MinimumVisualStudioVersion = 10.0.40219.1
Project("{8BC9CEB8-8B4A-11D0-8D11-00A0C91BC942}") = "task1", "task1\task1.vcxproj", "{CEEE6A3E-1F57-462E-B396-298A4E447FC1}"
EndProject
Project("{8BC9CEB8-8B4A-11D0-8D11-00A0C91BC942}") = "task2", "task2\task2.vcxproj", "{A3D5087F-7BC3-47CA-8134-88E779460CE0}"
EndProject
Project("{8BC9CEB8-8B4A-11D0-8D11-00A0C91BC942}") = "task3", "task3\task3.vcxproj", "{7878B8EC-A1D5-4DD6-A311-1E678D2A1355}"
EndProject
Project("{8BC9CEB8-8B4A-11D0-8D11-00A0C91BC942}") = "task4", "task4\task4.vcxproj", "{D0B579C4-1A78-4ACA-BDDD-BC26A2AF2F0D}"
EndProject
Project("{8BC9CEB8-8B4A-11D0-8D11-00A0C91BC942}") = "task5", "task5\task5.vcxproj", "{578AB8EB-9BBD-4D48-8A41-520BAEDE2C09}"
EndProject
Project("{8BC9CEB8-8B4A-11D0-8D11-00A0C91BC942}") = "task6", "task6\task6.vcxproj", "{6701565C-509E-41BA-B21D-7937983BEA2A}"
EndProject
Project("{8BC9CEB8-8B4A-11D0-8D11-00A0C91BC942}") = "task7", "task7\task7.vcxproj", "{4024DDF5-47F5-480B-A52E-06548A7EB3E9}"
EndProject
Project("{8BC9CEB8-8B4A-11D0-8D11-00A0C91BC942}") = "task8", "task8\task8.vcxproj", "{FC341D48-997F-4F03-9B44-61AE40FD88AC}"
EndProject
Project("{8BC9CEB8-8B4A-11D0-8D11-00A0C91BC942}") = "task9", "task9\task9.vcxproj", "{BBE4EF8D-CB25-45BD-89D8-54266FB4F98C}"
EndProject
Project("{8BC9CEB8-8B4A-11D0-8D11-00A0C91BC942}") = "task10", "task10\task10.vcxproj", "{69781206-6D9A-45D1-B4BD-C903B03DFA34}"
EndProject
Global
	GlobalSection(SolutionConfigurationPlatforms) = preSolution
		Debug|x64 = Debug|x64
		Debug|x86 = Debug|x86
		Release|x64 = Release|x64
		Release|x86 = Release|x86
	EndGlobalSection
	GlobalSection(ProjectConfigurationPlatforms) = postSolution
		{CEEE6A3E-1F57-462E-B396-298A4E447FC1}.Debug|x64.ActiveCfg = Debug|x64
		{CEEE6A3E-1F57-462E-B396-298A4E447FC1}.Debug|x64.Build.0 = Debug|x64
		{CEEE6A3E-1F57-462E-B396-298A4E447FC1}.Debug|x86.ActiveCfg = Debug|Win32
		{CEEE6A3E-1F57-462E-B396-298A4E447FC1}.Debug|x86.Build.0 = Debug|Win32
		{CEEE6A3E-1F57-462E-B396-298A4E447FC1}.Release|x64.ActiveCfg = Release|x64
		{CEEE6A3E-1F57-462E-B396-298A4E447FC1}.Release|x64.Build.0 = Release|x64
		{CEEE6A3E-1F57-462E-B396-298A4E447FC1}.Release|x86.ActiveCfg = Release|Win32
		{CEEE6A3E-1F57-462E-B396-298A4E447FC1}.Release|x86.Build.0 = Release|Win32
		{A3D5087F-7BC3-47CA-8134-88E779460CE0}.Debug|x64.ActiveCfg = Debug|x64
		{A3D5087F-7BC3-47CA-8134-88E779460CE0}.Debug|x64.Build.0 = Debug|x64
		{A3D5087F-7BC3-47CA-8134-88E779460CE0}.Debug|x86.ActiveCfg = Debug|Win32
		{A3D5087F-7BC3-47CA-8134-88E779460CE0}.Debug|x86.Build.0 = Debug|Win32
		{A3D5087F-7BC3-47CA-8134-88E779460CE0}.Release|x64.ActiveCfg = Release|x64
		{A3D5087F-7BC3-47CA-8134-88E779460CE0}.Release|x64.Build.0 = Release|x64
		{A3D5087F-7BC3-47CA-8134-88E779460CE0}.Release|x86.ActiveCfg = Release|Win32
		{A3D5087F-7BC3-47CA-8134-88E779460CE0}.Release|x86.Build.0 = Release|Win32
		{7878B8EC-A1D5-4DD6-A311-1E678D2A1355}.Debug|x64.ActiveCfg = Debug|x64
		{7878B8EC-A1D5-4DD6-A311-1E678D2A1355}.Debug|x64.Build.0 = Debug|x64
		{7878B8EC-A1D5-4DD6-A311-1E678D2A1355}.Debug|x86.ActiveCfg = Debug|Win32
		{7878B8EC-A1D5-4DD6-A311-1E678D2A1355}.Debug|x86.Build.0 = Debug|Win32
		{7878B8EC-A1D5-4DD6-A311-1E678D2A1355}.Release|x64.ActiveCfg = Release|x64
		{7878B8EC-A1D5-4DD6-A311-1E678D2A1355}.Release|x64.Build.0 = Release|x64
		{7878B8EC-A1D5-4DD6-A311-1E678D2A1355}.Release|x86.ActiveCfg = Release|Win32
		{7878B8EC-A1D5-4DD6-A311-1E678D2A1355}.Release|x86.Build.0 = Release|Win32
		{D0B579C4-1A78-4ACA-BDDD-BC26A2AF2F0D}.Debug|x64.ActiveCfg = Debug|x64
		{D0B579C4-1A78-4ACA-BDDD-BC26A2AF2F0D}.Debug|x64.Build.0 = Debug|x64
		{D0B579C4-1A78-4ACA-BDDD-BC26A2AF2F0D}.Debug|x86.ActiveCfg = Debug|Win32
		{D0B579C4-1A78-4ACA-BDDD-BC26A2AF2F0D}.Debug|x86.Build.0 = Debug|Win32
		{D0B579C4-1A78-4ACA-BDDD-BC26A2AF2F0D}.Release|x64.ActiveCfg = Release|x64
		{D0B579C4-1A78-4ACA-BDDD-BC26A2AF2F0D}.Release|x64.Build.0 = Release|x64
		{D0B579C4-1A78-4ACA-BDDD-BC26A2AF2F0D}.Release|x86.ActiveCfg = Release|Win32
		{D0B579C4-1A78-4ACA-BDDD-BC26A2AF2F0D}.Release|x86.Build.0 = Release|Win32
		{578AB8EB-9BBD-4D48-8A41-520BAEDE2C09}.Debug|x64.ActiveCfg = Debug|x64
		{578AB8EB-9BBD-4D48-8A41-520BAEDE2C09}.Debug|x64.Build.0 = Debug|x64
		{578AB8EB-9BBD-4D48-8A41-520BAEDE2C09}.Debug|x86.ActiveCfg = Debug|Win32
		{578AB8EB-9BBD-4D48-8A41-520BAEDE2C09}.Debug|x86.Build.0 = Debug|Win32
		{578AB8EB-9BBD-4D48-8A41-520BAEDE2C09}.Release|x64.ActiveCfg = Release|x64
		{578AB8EB-9BBD-4D48-8A41-520BAEDE2C09}.Release|x64.Build.0 = Release|x64
		{578AB8EB-9BBD-4D48-8A41-520BAEDE2C09}.Release|x86.ActiveCfg = Release|Win32
		{578AB8EB-9BBD-4D48-8A41-520BAEDE2C09}.Release|x86.Build.0 = Release|Win32
		{6701565C-509E-41BA-B21D-7937983BEA2A}.Debug|x64.ActiveCfg = Debug|x64
		{6701565C-509E-41BA-B21D-7937983BEA2A}.Debug|x64.Build.0 = Debug|x64
		{6701565C-509E-41BA-B21D-7937983BEA2A}.Debug|x86.ActiveCfg = Debug|Win32
		{6701565C-509E-41BA-B21D-7937983BEA2A}.Debug|x86.Build.0 = Debug|Win32
		{6701565C-509E-41BA-B21D-7937983BEA2A}.Release|x64.ActiveCfg = Release|x64
		{6701565C-509E-41BA-B21D-7937983BEA2A}.Release|x64.Build.0 = Release|x64
		{6701565C-509E-41BA-B21D-7937983BEA2A}.Release|x86.ActiveCfg = Release|Win32
		{6701565C-509E-41BA-B21D-7937983BEA2A}.Release|x86.Build.0 = Release|Win32
		{4024DDF5-47F5-480B-A52E-06548A7EB3E9}.Debug|x64.ActiveCfg = Debug|x64
		{4024DDF5-47F5-480B-A52E-06548A7EB3E9}.Debug|x64.Build.0 = Debug|x64
		{4024DDF5-47F5-480B-A52E-06548A7EB3E9}.Debug|x86.ActiveCfg = Debug|Win32
		{4024DDF5-47F5-480B-A52E-06548A7EB3E9}.Debug|x86.Build.0 = Debug|Win32
		{4024DDF5-47F5-480B-A52E-06548A7EB3E9}.Release|x64.ActiveCfg = Release|x64
		{4024DDF5-47F5-480B-A52E-06548A7EB3E9}.Release|x64.Build.0 = Release|x64
		{4024DDF5-47F5-480B-A52E-06548A7EB3E9}.Release|x86.ActiveCfg = Release|Win32
		{4024DDF5-47F5-480B-A52E-06548A7EB3E9}.Release|x86.Build.0 = Release|Win32
		{FC341D48-997F-4F03-9B44-61AE40FD88AC}.Debug|x64.ActiveCfg = Debug|x64
		{FC341D48-997F-4F03-9B44-61AE40FD88AC}.Debug|x64.Build.0 = Debug|x64
		{FC341D48-997F-4F03-9B44-61AE40FD88AC}.Debug|x86.ActiveCfg = Debug|Win32
		{FC341D48-997F-4F03-9B44-61AE40FD88AC}.Debug|x86.Build.0 = Debug|Win32
		{FC341D48-997F-4F03-9B44-61AE40FD88AC}.Release|x64.ActiveCfg = Release|x64
		{FC341D48-997F-4F03-9B44-61AE40FD88AC}.Release|x64.Build.0 = Release|x64
		{FC341D48-997F-4F03-9B44-61AE40FD88AC}.Release|x86.ActiveCfg = Release|Win32
		{FC341D48-997F-4F03-9B44-61AE40FD88AC}.Release|x86.Build.0 = Release|Win32
		{BBE4EF8D-CB25-45BD-89D8-54266FB4F98C}.Debug|x64.ActiveCfg = Debug|x64
		{BBE4EF8D-CB25-45BD-89D8-54266FB4F98C}.Debug|x64.Build.0 = Debug|x64
		{BBE4EF8D-CB25-45BD-89D8-54266FB4F98C}.Debug|x86.ActiveCfg = Debug|Win32
		{BBE4EF8D-CB25-45BD-89D8-54266FB4F98C}.Debug|x86.Build.0 = Debug|Win32
		{BBE4EF8D-CB25-45BD-89D8-54266FB4F98C}.Release|x64.ActiveCfg = Release|x64
		{BBE4EF8D-CB25-45BD-89D8-54266FB4F98C}.Release|x64.Build.0 = Release|x64
		{BBE4EF8D-CB25-45BD-89D8-54266FB4F98C}.Release|x86.ActiveCfg = Release|Win32
		{BBE4EF8D-CB25-45BD-89D8-54266FB4F98C}.Release|x86.Build.0 = Release|Win32
		{69781206-6D9A-45D1-B4BD-C903B03DFA34}.Debug|x64.ActiveCfg = Debug|x64
		{69781206-6D9A-45D1-B4BD-C903B03DFA34}.Debug|x64.Build.0 = Debug|x64
		{69781206-6D9A-45D1-B4BD-C903B03DFA34}.Debug|x86.ActiveCfg = Debug|Win32
		{69781206-6D9A-45D1-B4BD-C903B03DFA34}.Debug|x86.Build.0 = Debug|Win32
		{69781206-6D9A-45D1-B4BD-C903B03DFA34}.Release|x64.ActiveCfg = Release|x64
		{69781206-6D9A-45D1-B4BD-C903B03DFA34}.Release|x64.Build.0 = Release|x64
		{69781206-6D9A-45D1-B4BD-C903B03DFA34}.Release|x86.ActiveCfg = Release|Win32
		{69781206-6D9A-45D1-B4BD-C903B03DFA34}.Release|x86.Build.0 = Release|Win32
	EndGlobalSection
	GlobalSection(SolutionProperties) = preSolution
		HideSolutionNode = FALSE
	EndGlobalSection
	GlobalSection(ExtensibilityGlobals) = postSolution
		SolutionGuid = {101D9AC6-0328-43C1-BD61-E2FBA1283A50}
	EndGlobalSection
EndGlobal
